// !$*UTF8*$!
{
	archiveVersion = 1;
	classes = {
	};
	objectVersion = 50;
	objects = {

/* Begin PBXBuildFile section */
		0D9F0F50207D7AA200DEAA33 /* UIColorExt.swift in Sources */ = {isa = PBXBuildFile; fileRef = 0D9F0F4F207D7AA200DEAA33 /* UIColorExt.swift */; };
		B20BD2DA2079803F007A63EC /* AppDelegate.swift in Sources */ = {isa = PBXBuildFile; fileRef = B20BD2D92079803F007A63EC /* AppDelegate.swift */; };
		B20BD2DF2079803F007A63EC /* Main.storyboard in Resources */ = {isa = PBXBuildFile; fileRef = B20BD2DD2079803F007A63EC /* Main.storyboard */; };
		B20BD2E120798042007A63EC /* Assets.xcassets in Resources */ = {isa = PBXBuildFile; fileRef = B20BD2E020798042007A63EC /* Assets.xcassets */; };
		B20BD2E420798042007A63EC /* LaunchScreen.storyboard in Resources */ = {isa = PBXBuildFile; fileRef = B20BD2E220798042007A63EC /* LaunchScreen.storyboard */; };
		B20BD2F1207980FF007A63EC /* CMainControllerInteraction.swift in Sources */ = {isa = PBXBuildFile; fileRef = B20BD2EC207980FF007A63EC /* CMainControllerInteraction.swift */; };
		B20BD2F2207980FF007A63EC /* CMainControllerTransition.swift in Sources */ = {isa = PBXBuildFile; fileRef = B20BD2ED207980FF007A63EC /* CMainControllerTransition.swift */; };
		B20BD2F3207980FF007A63EC /* CMain.swift in Sources */ = {isa = PBXBuildFile; fileRef = B20BD2EE207980FF007A63EC /* CMain.swift */; };
		B20BD2F4207980FF007A63EC /* CMainControllerTransitionPushRight.swift in Sources */ = {isa = PBXBuildFile; fileRef = B20BD2EF207980FF007A63EC /* CMainControllerTransitionPushRight.swift */; };
		B20BD2F5207980FF007A63EC /* CMainControllerTransitionReplace.swift in Sources */ = {isa = PBXBuildFile; fileRef = B20BD2F0207980FF007A63EC /* CMainControllerTransitionReplace.swift */; };
		B20BD2F820798145007A63EC /* CBaseController.swift in Sources */ = {isa = PBXBuildFile; fileRef = B20BD2F720798145007A63EC /* CBaseController.swift */; };
		B20BD2FB207981E5007A63EC /* CWelcomeController.swift in Sources */ = {isa = PBXBuildFile; fileRef = B20BD2FA207981E5007A63EC /* CWelcomeController.swift */; };
		B20BD2FE207982AC007A63EC /* VWelcomeView.swift in Sources */ = {isa = PBXBuildFile; fileRef = B20BD2FD207982AC007A63EC /* VWelcomeView.swift */; };
		B20BD30320798411007A63EC /* UIFactory.swift in Sources */ = {isa = PBXBuildFile; fileRef = B20BD30220798411007A63EC /* UIFactory.swift */; };
		B20BD3052079AEF5007A63EC /* VMainShade.swift in Sources */ = {isa = PBXBuildFile; fileRef = B20BD3042079AEF5007A63EC /* VMainShade.swift */; };
/* End PBXBuildFile section */

/* Begin PBXFileReference section */
		0D9F0F4F207D7AA200DEAA33 /* UIColorExt.swift */ = {isa = PBXFileReference; lastKnownFileType = sourcecode.swift; path = UIColorExt.swift; sourceTree = "<group>"; };
		B20BD2D62079803F007A63EC /* PBox.app */ = {isa = PBXFileReference; explicitFileType = wrapper.application; includeInIndex = 0; path = PBox.app; sourceTree = BUILT_PRODUCTS_DIR; };
		B20BD2D92079803F007A63EC /* AppDelegate.swift */ = {isa = PBXFileReference; lastKnownFileType = sourcecode.swift; path = AppDelegate.swift; sourceTree = "<group>"; };
		B20BD2DE2079803F007A63EC /* Base */ = {isa = PBXFileReference; lastKnownFileType = file.storyboard; name = Base; path = Base.lproj/Main.storyboard; sourceTree = "<group>"; };
		B20BD2E020798042007A63EC /* Assets.xcassets */ = {isa = PBXFileReference; lastKnownFileType = folder.assetcatalog; path = Assets.xcassets; sourceTree = "<group>"; };
		B20BD2E320798042007A63EC /* Base */ = {isa = PBXFileReference; lastKnownFileType = file.storyboard; name = Base; path = Base.lproj/LaunchScreen.storyboard; sourceTree = "<group>"; };
		B20BD2E520798042007A63EC /* Info.plist */ = {isa = PBXFileReference; lastKnownFileType = text.plist.xml; path = Info.plist; sourceTree = "<group>"; };
		B20BD2EC207980FF007A63EC /* CMainControllerInteraction.swift */ = {isa = PBXFileReference; fileEncoding = 4; lastKnownFileType = sourcecode.swift; path = CMainControllerInteraction.swift; sourceTree = "<group>"; };
		B20BD2ED207980FF007A63EC /* CMainControllerTransition.swift */ = {isa = PBXFileReference; fileEncoding = 4; lastKnownFileType = sourcecode.swift; path = CMainControllerTransition.swift; sourceTree = "<group>"; };
		B20BD2EE207980FF007A63EC /* CMain.swift */ = {isa = PBXFileReference; fileEncoding = 4; lastKnownFileType = sourcecode.swift; path = CMain.swift; sourceTree = "<group>"; };
		B20BD2EF207980FF007A63EC /* CMainControllerTransitionPushRight.swift */ = {isa = PBXFileReference; fileEncoding = 4; lastKnownFileType = sourcecode.swift; path = CMainControllerTransitionPushRight.swift; sourceTree = "<group>"; };
		B20BD2F0207980FF007A63EC /* CMainControllerTransitionReplace.swift */ = {isa = PBXFileReference; fileEncoding = 4; lastKnownFileType = sourcecode.swift; path = CMainControllerTransitionReplace.swift; sourceTree = "<group>"; };
		B20BD2F720798145007A63EC /* CBaseController.swift */ = {isa = PBXFileReference; lastKnownFileType = sourcecode.swift; path = CBaseController.swift; sourceTree = "<group>"; };
		B20BD2FA207981E5007A63EC /* CWelcomeController.swift */ = {isa = PBXFileReference; lastKnownFileType = sourcecode.swift; path = CWelcomeController.swift; sourceTree = "<group>"; };
		B20BD2FD207982AC007A63EC /* VWelcomeView.swift */ = {isa = PBXFileReference; lastKnownFileType = sourcecode.swift; path = VWelcomeView.swift; sourceTree = "<group>"; };
		B20BD30220798411007A63EC /* UIFactory.swift */ = {isa = PBXFileReference; lastKnownFileType = sourcecode.swift; path = UIFactory.swift; sourceTree = "<group>"; };
		B20BD3042079AEF5007A63EC /* VMainShade.swift */ = {isa = PBXFileReference; fileEncoding = 4; lastKnownFileType = sourcecode.swift; path = VMainShade.swift; sourceTree = "<group>"; };
/* End PBXFileReference section */

/* Begin PBXFrameworksBuildPhase section */
		B20BD2D32079803F007A63EC /* Frameworks */ = {
			isa = PBXFrameworksBuildPhase;
			buildActionMask = 2147483647;
			files = (
			);
			runOnlyForDeploymentPostprocessing = 0;
		};
/* End PBXFrameworksBuildPhase section */

/* Begin PBXGroup section */
		B20BD2CD2079803E007A63EC = {
			isa = PBXGroup;
			children = (
				B20BD2D82079803F007A63EC /* PBox */,
				B20BD2D72079803F007A63EC /* Products */,
			);
			sourceTree = "<group>";
		};
		B20BD2D72079803F007A63EC /* Products */ = {
			isa = PBXGroup;
			children = (
				B20BD2D62079803F007A63EC /* PBox.app */,
			);
			name = Products;
			sourceTree = "<group>";
		};
		B20BD2D82079803F007A63EC /* PBox */ = {
			isa = PBXGroup;
			children = (
				B20BD2FF207983FB007A63EC /* Extensions */,
				B20BD2FC20798296007A63EC /* Views */,
				B20BD2EB207980FF007A63EC /* Controllers */,
				B20BD2D92079803F007A63EC /* AppDelegate.swift */,
				B20BD2DD2079803F007A63EC /* Main.storyboard */,
				B20BD2E020798042007A63EC /* Assets.xcassets */,
				B20BD2E220798042007A63EC /* LaunchScreen.storyboard */,
				B20BD2E520798042007A63EC /* Info.plist */,
			);
			path = PBox;
			sourceTree = "<group>";
		};
		B20BD2EB207980FF007A63EC /* Controllers */ = {
			isa = PBXGroup;
			children = (
				B20BD2F9207981D8007A63EC /* Main */,
				B20BD2F620798139007A63EC /* BaseController */,
				B20BD2EC207980FF007A63EC /* CMainControllerInteraction.swift */,
				B20BD2ED207980FF007A63EC /* CMainControllerTransition.swift */,
				B20BD2EE207980FF007A63EC /* CMain.swift */,
				B20BD2EF207980FF007A63EC /* CMainControllerTransitionPushRight.swift */,
				B20BD2F0207980FF007A63EC /* CMainControllerTransitionReplace.swift */,
			);
			path = Controllers;
			sourceTree = "<group>";
		};
		B20BD2F620798139007A63EC /* BaseController */ = {
			isa = PBXGroup;
			children = (
				B20BD2F720798145007A63EC /* CBaseController.swift */,
			);
			path = BaseController;
			sourceTree = "<group>";
		};
		B20BD2F9207981D8007A63EC /* Main */ = {
			isa = PBXGroup;
			children = (
				B20BD2FA207981E5007A63EC /* CWelcomeController.swift */,
			);
			path = Main;
			sourceTree = "<group>";
		};
		B20BD2FC20798296007A63EC /* Views */ = {
			isa = PBXGroup;
			children = (
				B20BD3042079AEF5007A63EC /* VMainShade.swift */,
				B20BD2FD207982AC007A63EC /* VWelcomeView.swift */,
			);
			path = Views;
			sourceTree = "<group>";
		};
		B20BD2FF207983FB007A63EC /* Extensions */ = {
			isa = PBXGroup;
			children = (
				B20BD30220798411007A63EC /* UIFactory.swift */,
				0D9F0F4F207D7AA200DEAA33 /* UIColorExt.swift */,
			);
			path = Extensions;
			sourceTree = "<group>";
		};
/* End PBXGroup section */

/* Begin PBXNativeTarget section */
		B20BD2D52079803F007A63EC /* PBox */ = {
			isa = PBXNativeTarget;
			buildConfigurationList = B20BD2E820798042007A63EC /* Build configuration list for PBXNativeTarget "PBox" */;
			buildPhases = (
				B20BD2D22079803F007A63EC /* Sources */,
				B20BD2D32079803F007A63EC /* Frameworks */,
				B20BD2D42079803F007A63EC /* Resources */,
			);
			buildRules = (
			);
			dependencies = (
			);
			name = PBox;
			productName = PBox;
			productReference = B20BD2D62079803F007A63EC /* PBox.app */;
			productType = "com.apple.product-type.application";
		};
/* End PBXNativeTarget section */

/* Begin PBXProject section */
		B20BD2CE2079803E007A63EC /* Project object */ = {
			isa = PBXProject;
			attributes = {
				LastSwiftUpdateCheck = 0930;
				LastUpgradeCheck = 0930;
				ORGANIZATIONNAME = Axcan;
				TargetAttributes = {
					B20BD2D52079803F007A63EC = {
						CreatedOnToolsVersion = 9.3;
					};
				};
			};
			buildConfigurationList = B20BD2D12079803E007A63EC /* Build configuration list for PBXProject "PBox" */;
			compatibilityVersion = "Xcode 9.3";
			developmentRegion = en;
			hasScannedForEncodings = 0;
			knownRegions = (
				en,
				Base,
			);
			mainGroup = B20BD2CD2079803E007A63EC;
			productRefGroup = B20BD2D72079803F007A63EC /* Products */;
			projectDirPath = "";
			projectRoot = "";
			targets = (
				B20BD2D52079803F007A63EC /* PBox */,
			);
		};
/* End PBXProject section */

/* Begin PBXResourcesBuildPhase section */
		B20BD2D42079803F007A63EC /* Resources */ = {
			isa = PBXResourcesBuildPhase;
			buildActionMask = 2147483647;
			files = (
				B20BD2E420798042007A63EC /* LaunchScreen.storyboard in Resources */,
				B20BD2E120798042007A63EC /* Assets.xcassets in Resources */,
				B20BD2DF2079803F007A63EC /* Main.storyboard in Resources */,
			);
			runOnlyForDeploymentPostprocessing = 0;
		};
/* End PBXResourcesBuildPhase section */

/* Begin PBXSourcesBuildPhase section */
		B20BD2D22079803F007A63EC /* Sources */ = {
			isa = PBXSourcesBuildPhase;
			buildActionMask = 2147483647;
			files = (
				B20BD2F4207980FF007A63EC /* CMainControllerTransitionPushRight.swift in Sources */,
				0D9F0F50207D7AA200DEAA33 /* UIColorExt.swift in Sources */,
				B20BD2F2207980FF007A63EC /* CMainControllerTransition.swift in Sources */,
				B20BD2F1207980FF007A63EC /* CMainControllerInteraction.swift in Sources */,
				B20BD2F820798145007A63EC /* CBaseController.swift in Sources */,
				B20BD30320798411007A63EC /* UIFactory.swift in Sources */,
				B20BD2DA2079803F007A63EC /* AppDelegate.swift in Sources */,
				B20BD2F3207980FF007A63EC /* CMain.swift in Sources */,
				B20BD2FB207981E5007A63EC /* CWelcomeController.swift in Sources */,
				B20BD2F5207980FF007A63EC /* CMainControllerTransitionReplace.swift in Sources */,
				B20BD2FE207982AC007A63EC /* VWelcomeView.swift in Sources */,
				B20BD3052079AEF5007A63EC /* VMainShade.swift in Sources */,
			);
			runOnlyForDeploymentPostprocessing = 0;
		};
/* End PBXSourcesBuildPhase section */

/* Begin PBXVariantGroup section */
		B20BD2DD2079803F007A63EC /* Main.storyboard */ = {
			isa = PBXVariantGroup;
			children = (
				B20BD2DE2079803F007A63EC /* Base */,
			);
			name = Main.storyboard;
			sourceTree = "<group>";
		};
		B20BD2E220798042007A63EC /* LaunchScreen.storyboard */ = {
			isa = PBXVariantGroup;
			children = (
				B20BD2E320798042007A63EC /* Base */,
			);
			name = LaunchScreen.storyboard;
			sourceTree = "<group>";
		};
/* End PBXVariantGroup section */

/* Begin XCBuildConfiguration section */
		B20BD2E620798042007A63EC /* Debug */ = {
			isa = XCBuildConfiguration;
			buildSettings = {
				ALWAYS_SEARCH_USER_PATHS = NO;
				CLANG_ANALYZER_NONNULL = YES;
				CLANG_ANALYZER_NUMBER_OBJECT_CONVERSION = YES_AGGRESSIVE;
				CLANG_CXX_LANGUAGE_STANDARD = "gnu++14";
				CLANG_CXX_LIBRARY = "libc++";
				CLANG_ENABLE_MODULES = YES;
				CLANG_ENABLE_OBJC_ARC = YES;
				CLANG_ENABLE_OBJC_WEAK = YES;
				CLANG_WARN_BLOCK_CAPTURE_AUTORELEASING = YES;
				CLANG_WARN_BOOL_CONVERSION = YES;
				CLANG_WARN_COMMA = YES;
				CLANG_WARN_CONSTANT_CONVERSION = YES;
				CLANG_WARN_DEPRECATED_OBJC_IMPLEMENTATIONS = YES;
				CLANG_WARN_DIRECT_OBJC_ISA_USAGE = YES_ERROR;
				CLANG_WARN_DOCUMENTATION_COMMENTS = YES;
				CLANG_WARN_EMPTY_BODY = YES;
				CLANG_WARN_ENUM_CONVERSION = YES;
				CLANG_WARN_INFINITE_RECURSION = YES;
				CLANG_WARN_INT_CONVERSION = YES;
				CLANG_WARN_NON_LITERAL_NULL_CONVERSION = YES;
				CLANG_WARN_OBJC_IMPLICIT_RETAIN_SELF = YES;
				CLANG_WARN_OBJC_LITERAL_CONVERSION = YES;
				CLANG_WARN_OBJC_ROOT_CLASS = YES_ERROR;
				CLANG_WARN_RANGE_LOOP_ANALYSIS = YES;
				CLANG_WARN_STRICT_PROTOTYPES = YES;
				CLANG_WARN_SUSPICIOUS_MOVE = YES;
				CLANG_WARN_UNGUARDED_AVAILABILITY = YES_AGGRESSIVE;
				CLANG_WARN_UNREACHABLE_CODE = YES;
				CLANG_WARN__DUPLICATE_METHOD_MATCH = YES;
				CODE_SIGN_IDENTITY = "iPhone Developer";
				COPY_PHASE_STRIP = NO;
				DEBUG_INFORMATION_FORMAT = dwarf;
				ENABLE_STRICT_OBJC_MSGSEND = YES;
				ENABLE_TESTABILITY = YES;
				GCC_C_LANGUAGE_STANDARD = gnu11;
				GCC_DYNAMIC_NO_PIC = NO;
				GCC_NO_COMMON_BLOCKS = YES;
				GCC_OPTIMIZATION_LEVEL = 0;
				GCC_PREPROCESSOR_DEFINITIONS = (
					"DEBUG=1",
					"$(inherited)",
				);
				GCC_WARN_64_TO_32_BIT_CONVERSION = YES;
				GCC_WARN_ABOUT_RETURN_TYPE = YES_ERROR;
				GCC_WARN_UNDECLARED_SELECTOR = YES;
				GCC_WARN_UNINITIALIZED_AUTOS = YES_AGGRESSIVE;
				GCC_WARN_UNUSED_FUNCTION = YES;
				GCC_WARN_UNUSED_VARIABLE = YES;
				IPHONEOS_DEPLOYMENT_TARGET = 11.3;
				MTL_ENABLE_DEBUG_INFO = YES;
				ONLY_ACTIVE_ARCH = YES;
				SDKROOT = iphoneos;
				SWIFT_ACTIVE_COMPILATION_CONDITIONS = DEBUG;
				SWIFT_OPTIMIZATION_LEVEL = "-Onone";
			};
			name = Debug;
		};
		B20BD2E720798042007A63EC /* Release */ = {
			isa = XCBuildConfiguration;
			buildSettings = {
				ALWAYS_SEARCH_USER_PATHS = NO;
				CLANG_ANALYZER_NONNULL = YES;
				CLANG_ANALYZER_NUMBER_OBJECT_CONVERSION = YES_AGGRESSIVE;
				CLANG_CXX_LANGUAGE_STANDARD = "gnu++14";
				CLANG_CXX_LIBRARY = "libc++";
				CLANG_ENABLE_MODULES = YES;
				CLANG_ENABLE_OBJC_ARC = YES;
				CLANG_ENABLE_OBJC_WEAK = YES;
				CLANG_WARN_BLOCK_CAPTURE_AUTORELEASING = YES;
				CLANG_WARN_BOOL_CONVERSION = YES;
				CLANG_WARN_COMMA = YES;
				CLANG_WARN_CONSTANT_CONVERSION = YES;
				CLANG_WARN_DEPRECATED_OBJC_IMPLEMENTATIONS = YES;
				CLANG_WARN_DIRECT_OBJC_ISA_USAGE = YES_ERROR;
				CLANG_WARN_DOCUMENTATION_COMMENTS = YES;
				CLANG_WARN_EMPTY_BODY = YES;
				CLANG_WARN_ENUM_CONVERSION = YES;
				CLANG_WARN_INFINITE_RECURSION = YES;
				CLANG_WARN_INT_CONVERSION = YES;
				CLANG_WARN_NON_LITERAL_NULL_CONVERSION = YES;
				CLANG_WARN_OBJC_IMPLICIT_RETAIN_SELF = YES;
				CLANG_WARN_OBJC_LITERAL_CONVERSION = YES;
				CLANG_WARN_OBJC_ROOT_CLASS = YES_ERROR;
				CLANG_WARN_RANGE_LOOP_ANALYSIS = YES;
				CLANG_WARN_STRICT_PROTOTYPES = YES;
				CLANG_WARN_SUSPICIOUS_MOVE = YES;
				CLANG_WARN_UNGUARDED_AVAILABILITY = YES_AGGRESSIVE;
				CLANG_WARN_UNREACHABLE_CODE = YES;
				CLANG_WARN__DUPLICATE_METHOD_MATCH = YES;
				CODE_SIGN_IDENTITY = "iPhone Developer";
				COPY_PHASE_STRIP = NO;
				DEBUG_INFORMATION_FORMAT = "dwarf-with-dsym";
				ENABLE_NS_ASSERTIONS = NO;
				ENABLE_STRICT_OBJC_MSGSEND = YES;
				GCC_C_LANGUAGE_STANDARD = gnu11;
				GCC_NO_COMMON_BLOCKS = YES;
				GCC_WARN_64_TO_32_BIT_CONVERSION = YES;
				GCC_WARN_ABOUT_RETURN_TYPE = YES_ERROR;
				GCC_WARN_UNDECLARED_SELECTOR = YES;
				GCC_WARN_UNINITIALIZED_AUTOS = YES_AGGRESSIVE;
				GCC_WARN_UNUSED_FUNCTION = YES;
				GCC_WARN_UNUSED_VARIABLE = YES;
				IPHONEOS_DEPLOYMENT_TARGET = 11.3;
				MTL_ENABLE_DEBUG_INFO = NO;
				SDKROOT = iphoneos;
				SWIFT_COMPILATION_MODE = wholemodule;
				SWIFT_OPTIMIZATION_LEVEL = "-O";
				VALIDATE_PRODUCT = YES;
			};
			name = Release;
		};
		B20BD2E920798042007A63EC /* Debug */ = {
			isa = XCBuildConfiguration;
			buildSettings = {
				ASSETCATALOG_COMPILER_APPICON_NAME = AppIcon;
				CODE_SIGN_STYLE = Automatic;
				DEVELOPMENT_TEAM = 45Q3VNSD3X;
				INFOPLIST_FILE = PBox/Info.plist;
				LD_RUNPATH_SEARCH_PATHS = (
					"$(inherited)",
					"@executable_path/Frameworks",
				);
				PRODUCT_BUNDLE_IDENTIFIER = com.axkansoftware.PBox;
				PRODUCT_NAME = "$(TARGET_NAME)";
				SWIFT_VERSION = 4.0;
				TARGETED_DEVICE_FAMILY = "1,2";
			};
			name = Debug;
		};
		B20BD2EA20798042007A63EC /* Release */ = {
			isa = XCBuildConfiguration;
			buildSettings = {
				ASSETCATALOG_COMPILER_APPICON_NAME = AppIcon;
				CODE_SIGN_STYLE = Automatic;
				DEVELOPMENT_TEAM = 45Q3VNSD3X;
				INFOPLIST_FILE = PBox/Info.plist;
				LD_RUNPATH_SEARCH_PATHS = (
					"$(inherited)",
					"@executable_path/Frameworks",
				);
				PRODUCT_BUNDLE_IDENTIFIER = com.axkansoftware.PBox;
				PRODUCT_NAME = "$(TARGET_NAME)";
				SWIFT_VERSION = 4.0;
				TARGETED_DEVICE_FAMILY = "1,2";
			};
			name = Release;
		};
/* End XCBuildConfiguration section */

/* Begin XCConfigurationList section */
		B20BD2D12079803E007A63EC /* Build configuration list for PBXProject "PBox" */ = {
			isa = XCConfigurationList;
			buildConfigurations = (
				B20BD2E620798042007A63EC /* Debug */,
				B20BD2E720798042007A63EC /* Release */,
			);
			defaultConfigurationIsVisible = 0;
			defaultConfigurationName = Release;
		};
		B20BD2E820798042007A63EC /* Build configuration list for PBXNativeTarget "PBox" */ = {
			isa = XCConfigurationList;
			buildConfigurations = (
				B20BD2E920798042007A63EC /* Debug */,
				B20BD2EA20798042007A63EC /* Release */,
			);
			defaultConfigurationIsVisible = 0;
			defaultConfigurationName = Release;
		};
/* End XCConfigurationList section */
	};
	rootObject = B20BD2CE2079803E007A63EC /* Project object */;
}
